
Microsoft Visual Studio Solution File, Format Version 12.00
# Visual Studio Version 17
VisualStudioVersion = 17.10.35013.160
MinimumVisualStudioVersion = 10.0.40219.1
Project("{FAE04EC0-301F-11D3-BF4B-00C04F79EFBC}") = "WindowsFormsApp3", "WindowsFormsApp3.csproj", "{1DCF89D0-1F70-4D99-B806-BF658C02DBBB}"
EndProject
Global
	GlobalSection(SolutionConfigurationPlatforms) = preSolution
		Debug|Any CPU = Debug|Any CPU
		Release|Any CPU = Release|Any CPU
	EndGlobalSection
	GlobalSection(ProjectConfigurationPlatforms) = postSolution
		{1DCF89D0-1F70-4D99-B806-BF658C02DBBB}.Debug|Any CPU.ActiveCfg = Debug|Any CPU
		{1DCF89D0-1F70-4D99-B806-BF658C02DBBB}.Debug|Any CPU.Build.0 = Debug|Any CPU
		{1DCF89D0-1F70-4D99-B806-BF658C02DBBB}.Release|Any CPU.ActiveCfg = Release|Any CPU
		{1DCF89D0-1F70-4D99-B806-BF658C02DBBB}.Release|Any CPU.Build.0 = Release|Any CPU
	EndGlobalSection
	GlobalSection(SolutionProperties) = preSolution
		HideSolutionNode = FALSE
	EndGlobalSection
	GlobalSection(ExtensibilityGlobals) = postSolution
		SolutionGuid = {F7112401-D68D-43EB-9AD3-93BFB4EB1299}
	EndGlobalSection
EndGlobal
