
Microsoft Visual Studio Solution File, Format Version 12.00
# Visual Studio Version 17
VisualStudioVersion = 17.10.35013.160
MinimumVisualStudioVersion = 10.0.40219.1
Project("{FAE04EC0-301F-11D3-BF4B-00C04F79EFBC}") = "learning", "learning.csproj", "{98ECBDD1-C0F6-408B-9BBF-8A8E1DD9FE98}"
EndProject
Project("{FAE04EC0-301F-11D3-BF4B-00C04F79EFBC}") = "ConsoleApp1", "..\ConsoleApp1\ConsoleApp1.csproj", "{BFC9AFC1-465E-4237-855F-361D8AECB4B5}"
EndProject
Global
	GlobalSection(SolutionConfigurationPlatforms) = preSolution
		Debug|Any CPU = Debug|Any CPU
		Release|Any CPU = Release|Any CPU
	EndGlobalSection
	GlobalSection(ProjectConfigurationPlatforms) = postSolution
		{98ECBDD1-C0F6-408B-9BBF-8A8E1DD9FE98}.Debug|Any CPU.ActiveCfg = Debug|Any CPU
		{98ECBDD1-C0F6-408B-9BBF-8A8E1DD9FE98}.Debug|Any CPU.Build.0 = Debug|Any CPU
		{98ECBDD1-C0F6-408B-9BBF-8A8E1DD9FE98}.Release|Any CPU.ActiveCfg = Release|Any CPU
		{98ECBDD1-C0F6-408B-9BBF-8A8E1DD9FE98}.Release|Any CPU.Build.0 = Release|Any CPU
		{BFC9AFC1-465E-4237-855F-361D8AECB4B5}.Debug|Any CPU.ActiveCfg = Debug|Any CPU
		{BFC9AFC1-465E-4237-855F-361D8AECB4B5}.Debug|Any CPU.Build.0 = Debug|Any CPU
		{BFC9AFC1-465E-4237-855F-361D8AECB4B5}.Release|Any CPU.ActiveCfg = Release|Any CPU
		{BFC9AFC1-465E-4237-855F-361D8AECB4B5}.Release|Any CPU.Build.0 = Release|Any CPU
	EndGlobalSection
	GlobalSection(SolutionProperties) = preSolution
		HideSolutionNode = FALSE
	EndGlobalSection
	GlobalSection(ExtensibilityGlobals) = postSolution
		SolutionGuid = {F3264C72-E6C3-43EF-8EE5-99A4F5D5E80A}
	EndGlobalSection
EndGlobal
